
Microsoft Visual Studio Solution File, Format Version 12.00
# Visual Studio Version 17
VisualStudioVersion = 17.10.35004.147
MinimumVisualStudioVersion = 10.0.40219.1
Project("{2150E333-8FDC-42A3-9474-1A3956D46DE8}") = "Services", "Services", "{E76DF923-F0C7-432A-A997-127A6E62C398}"
EndProject
Project("{2150E333-8FDC-42A3-9474-1A3956D46DE8}") = "Catalog", "Catalog", "{5B849A79-0380-4500-A73C-E869F4D3E6C1}"
EndProject
Project("{9A19103F-16F7-4668-BE54-9A1E7A4F7556}") = "Catalog.API", "Services\Catalog\Catalog.API\Catalog.API.csproj", "{169562F4-6D88-49A7-8EC1-AB99ECCF3567}"
EndProject
Project("{2150E333-8FDC-42A3-9474-1A3956D46DE8}") = "BuildingBlocks", "BuildingBlocks", "{CAAE5E6A-5497-4C5E-BA4D-D674D981D33C}"
EndProject
Project("{9A19103F-16F7-4668-BE54-9A1E7A4F7556}") = "BuildingBlocks", "BuildingBlocks\BuildingBlocks\BuildingBlocks.csproj", "{6AEE7724-BD32-4EFA-A780-733902BBF47B}"
EndProject
Project("{E53339B2-1760-4266-BCC7-CA923CBCF16C}") = "docker-compose", "docker-compose.dcproj", "{0284CD5E-46F3-4247-AE37-FA2A15984EF0}"
EndProject
Project("{2150E333-8FDC-42A3-9474-1A3956D46DE8}") = "Basket", "Basket", "{1D488A56-3F3D-4213-920A-137C4B77B794}"
EndProject
Project("{9A19103F-16F7-4668-BE54-9A1E7A4F7556}") = "Basket.API", "Services\Basket\Basket.API\Basket.API.csproj", "{7241A40F-0FE1-4037-A27A-2DA3CBCBB23A}"
EndProject
Project("{2150E333-8FDC-42A3-9474-1A3956D46DE8}") = "Discount", "Discount", "{61F1863C-9DD7-4072-BBF7-4865AADA50D6}"
EndProject
Project("{9A19103F-16F7-4668-BE54-9A1E7A4F7556}") = "Discount.Grpc", "Services\Discount\Discount.Grpc\Discount.Grpc.csproj", "{66C70B14-F9CE-4B1C-9FD3-5B908BBB7912}"
EndProject
Project("{2150E333-8FDC-42A3-9474-1A3956D46DE8}") = "Ordering", "Ordering", "{8ECA4EC9-B7EF-4BFF-A902-55654F05EF1F}"
EndProject
Project("{9A19103F-16F7-4668-BE54-9A1E7A4F7556}") = "Ordering.API", "Services\Ordering\Ordering.API\Ordering.API.csproj", "{8E1C1917-E0FF-4103-81EE-4EA0CB87B167}"
EndProject
Project("{9A19103F-16F7-4668-BE54-9A1E7A4F7556}") = "Ordering.Domain", "Services\Ordering\Ordering.Domain\Ordering.Domain.csproj", "{F072AAF5-7679-458A-991B-1637609D07C3}"
EndProject
Project("{9A19103F-16F7-4668-BE54-9A1E7A4F7556}") = "Ordering.Application", "Services\Ordering\Ordering.Application\Ordering.Application.csproj", "{2D9D088A-5AAA-4E65-A31A-35C6DACB1F56}"
EndProject
Project("{9A19103F-16F7-4668-BE54-9A1E7A4F7556}") = "Ordering.Infrastructure", "Services\Ordering\Ordering.Infrastructure\Ordering.Infrastructure.csproj", "{71FA86C8-546C-44B9-B098-AA781A43000B}"
EndProject
Project("{9A19103F-16F7-4668-BE54-9A1E7A4F7556}") = "BuildingBlocks.Messaging", "BuildingBlocks\BuildingBlocks.Messaging\BuildingBlocks.Messaging.csproj", "{23130C7F-9A3F-41B7-B904-B3D25611A467}"
EndProject
Project("{2150E333-8FDC-42A3-9474-1A3956D46DE8}") = "ApiGateways", "ApiGateways", "{4FED6D47-8D61-4EF9-81FE-F2E44DC747E6}"
EndProject
Project("{9A19103F-16F7-4668-BE54-9A1E7A4F7556}") = "YarpApiGateway", "ApiGateways\YarpApiGateway\YarpApiGateway.csproj", "{4D6BBE75-C8B6-4558-8CC8-BDEBDC33C495}"
EndProject
Project("{2150E333-8FDC-42A3-9474-1A3956D46DE8}") = "WebApps", "WebApps", "{777FB1AC-8BA0-462F-855D-D41733D278F7}"
EndProject
Project("{9A19103F-16F7-4668-BE54-9A1E7A4F7556}") = "Shopping.Web", "WebApps\Shopping.Web\Shopping.Web.csproj", "{5F411DD4-166D-4B73-B0CF-F28529F86FA5}"
EndProject
Global
	GlobalSection(SolutionConfigurationPlatforms) = preSolution
		Debug|Any CPU = Debug|Any CPU
		Release|Any CPU = Release|Any CPU
	EndGlobalSection
	GlobalSection(ProjectConfigurationPlatforms) = postSolution
		{169562F4-6D88-49A7-8EC1-AB99ECCF3567}.Debug|Any CPU.ActiveCfg = Debug|Any CPU
		{169562F4-6D88-49A7-8EC1-AB99ECCF3567}.Debug|Any CPU.Build.0 = Debug|Any CPU
		{169562F4-6D88-49A7-8EC1-AB99ECCF3567}.Release|Any CPU.ActiveCfg = Release|Any CPU
		{169562F4-6D88-49A7-8EC1-AB99ECCF3567}.Release|Any CPU.Build.0 = Release|Any CPU
		{6AEE7724-BD32-4EFA-A780-733902BBF47B}.Debug|Any CPU.ActiveCfg = Debug|Any CPU
		{6AEE7724-BD32-4EFA-A780-733902BBF47B}.Debug|Any CPU.Build.0 = Debug|Any CPU
		{6AEE7724-BD32-4EFA-A780-733902BBF47B}.Release|Any CPU.ActiveCfg = Release|Any CPU
		{6AEE7724-BD32-4EFA-A780-733902BBF47B}.Release|Any CPU.Build.0 = Release|Any CPU
		{0284CD5E-46F3-4247-AE37-FA2A15984EF0}.Debug|Any CPU.ActiveCfg = Debug|Any CPU
		{0284CD5E-46F3-4247-AE37-FA2A15984EF0}.Debug|Any CPU.Build.0 = Debug|Any CPU
		{0284CD5E-46F3-4247-AE37-FA2A15984EF0}.Release|Any CPU.ActiveCfg = Release|Any CPU
		{0284CD5E-46F3-4247-AE37-FA2A15984EF0}.Release|Any CPU.Build.0 = Release|Any CPU
		{7241A40F-0FE1-4037-A27A-2DA3CBCBB23A}.Debug|Any CPU.ActiveCfg = Debug|Any CPU
		{7241A40F-0FE1-4037-A27A-2DA3CBCBB23A}.Debug|Any CPU.Build.0 = Debug|Any CPU
		{7241A40F-0FE1-4037-A27A-2DA3CBCBB23A}.Release|Any CPU.ActiveCfg = Release|Any CPU
		{7241A40F-0FE1-4037-A27A-2DA3CBCBB23A}.Release|Any CPU.Build.0 = Release|Any CPU
		{66C70B14-F9CE-4B1C-9FD3-5B908BBB7912}.Debug|Any CPU.ActiveCfg = Debug|Any CPU
		{66C70B14-F9CE-4B1C-9FD3-5B908BBB7912}.Debug|Any CPU.Build.0 = Debug|Any CPU
		{66C70B14-F9CE-4B1C-9FD3-5B908BBB7912}.Release|Any CPU.ActiveCfg = Release|Any CPU
		{66C70B14-F9CE-4B1C-9FD3-5B908BBB7912}.Release|Any CPU.Build.0 = Release|Any CPU
		{8E1C1917-E0FF-4103-81EE-4EA0CB87B167}.Debug|Any CPU.ActiveCfg = Debug|Any CPU
		{8E1C1917-E0FF-4103-81EE-4EA0CB87B167}.Debug|Any CPU.Build.0 = Debug|Any CPU
		{8E1C1917-E0FF-4103-81EE-4EA0CB87B167}.Release|Any CPU.ActiveCfg = Release|Any CPU
		{8E1C1917-E0FF-4103-81EE-4EA0CB87B167}.Release|Any CPU.Build.0 = Release|Any CPU
		{F072AAF5-7679-458A-991B-1637609D07C3}.Debug|Any CPU.ActiveCfg = Debug|Any CPU
		{F072AAF5-7679-458A-991B-1637609D07C3}.Debug|Any CPU.Build.0 = Debug|Any CPU
		{F072AAF5-7679-458A-991B-1637609D07C3}.Release|Any CPU.ActiveCfg = Release|Any CPU
		{F072AAF5-7679-458A-991B-1637609D07C3}.Release|Any CPU.Build.0 = Release|Any CPU
		{2D9D088A-5AAA-4E65-A31A-35C6DACB1F56}.Debug|Any CPU.ActiveCfg = Debug|Any CPU
		{2D9D088A-5AAA-4E65-A31A-35C6DACB1F56}.Debug|Any CPU.Build.0 = Debug|Any CPU
		{2D9D088A-5AAA-4E65-A31A-35C6DACB1F56}.Release|Any CPU.ActiveCfg = Release|Any CPU
		{2D9D088A-5AAA-4E65-A31A-35C6DACB1F56}.Release|Any CPU.Build.0 = Release|Any CPU
		{71FA86C8-546C-44B9-B098-AA781A43000B}.Debug|Any CPU.ActiveCfg = Debug|Any CPU
		{71FA86C8-546C-44B9-B098-AA781A43000B}.Debug|Any CPU.Build.0 = Debug|Any CPU
		{71FA86C8-546C-44B9-B098-AA781A43000B}.Release|Any CPU.ActiveCfg = Release|Any CPU
		{71FA86C8-546C-44B9-B098-AA781A43000B}.Release|Any CPU.Build.0 = Release|Any CPU
		{23130C7F-9A3F-41B7-B904-B3D25611A467}.Debug|Any CPU.ActiveCfg = Debug|Any CPU
		{23130C7F-9A3F-41B7-B904-B3D25611A467}.Debug|Any CPU.Build.0 = Debug|Any CPU
		{23130C7F-9A3F-41B7-B904-B3D25611A467}.Release|Any CPU.ActiveCfg = Release|Any CPU
		{23130C7F-9A3F-41B7-B904-B3D25611A467}.Release|Any CPU.Build.0 = Release|Any CPU
		{4D6BBE75-C8B6-4558-8CC8-BDEBDC33C495}.Debug|Any CPU.ActiveCfg = Debug|Any CPU
		{4D6BBE75-C8B6-4558-8CC8-BDEBDC33C495}.Debug|Any CPU.Build.0 = Debug|Any CPU
		{4D6BBE75-C8B6-4558-8CC8-BDEBDC33C495}.Release|Any CPU.ActiveCfg = Release|Any CPU
		{4D6BBE75-C8B6-4558-8CC8-BDEBDC33C495}.Release|Any CPU.Build.0 = Release|Any CPU
		{5F411DD4-166D-4B73-B0CF-F28529F86FA5}.Debug|Any CPU.ActiveCfg = Debug|Any CPU
		{5F411DD4-166D-4B73-B0CF-F28529F86FA5}.Debug|Any CPU.Build.0 = Debug|Any CPU
		{5F411DD4-166D-4B73-B0CF-F28529F86FA5}.Release|Any CPU.ActiveCfg = Release|Any CPU
		{5F411DD4-166D-4B73-B0CF-F28529F86FA5}.Release|Any CPU.Build.0 = Release|Any CPU
	EndGlobalSection
	GlobalSection(SolutionProperties) = preSolution
		HideSolutionNode = FALSE
	EndGlobalSection
	GlobalSection(NestedProjects) = preSolution
		{5B849A79-0380-4500-A73C-E869F4D3E6C1} = {E76DF923-F0C7-432A-A997-127A6E62C398}
		{169562F4-6D88-49A7-8EC1-AB99ECCF3567} = {5B849A79-0380-4500-A73C-E869F4D3E6C1}
		{6AEE7724-BD32-4EFA-A780-733902BBF47B} = {CAAE5E6A-5497-4C5E-BA4D-D674D981D33C}
		{1D488A56-3F3D-4213-920A-137C4B77B794} = {E76DF923-F0C7-432A-A997-127A6E62C398}
		{7241A40F-0FE1-4037-A27A-2DA3CBCBB23A} = {1D488A56-3F3D-4213-920A-137C4B77B794}
		{61F1863C-9DD7-4072-BBF7-4865AADA50D6} = {E76DF923-F0C7-432A-A997-127A6E62C398}
		{66C70B14-F9CE-4B1C-9FD3-5B908BBB7912} = {61F1863C-9DD7-4072-BBF7-4865AADA50D6}
		{8ECA4EC9-B7EF-4BFF-A902-55654F05EF1F} = {E76DF923-F0C7-432A-A997-127A6E62C398}
		{8E1C1917-E0FF-4103-81EE-4EA0CB87B167} = {8ECA4EC9-B7EF-4BFF-A902-55654F05EF1F}
		{F072AAF5-7679-458A-991B-1637609D07C3} = {8ECA4EC9-B7EF-4BFF-A902-55654F05EF1F}
		{2D9D088A-5AAA-4E65-A31A-35C6DACB1F56} = {8ECA4EC9-B7EF-4BFF-A902-55654F05EF1F}
		{71FA86C8-546C-44B9-B098-AA781A43000B} = {8ECA4EC9-B7EF-4BFF-A902-55654F05EF1F}
		{23130C7F-9A3F-41B7-B904-B3D25611A467} = {CAAE5E6A-5497-4C5E-BA4D-D674D981D33C}
		{4D6BBE75-C8B6-4558-8CC8-BDEBDC33C495} = {4FED6D47-8D61-4EF9-81FE-F2E44DC747E6}
		{5F411DD4-166D-4B73-B0CF-F28529F86FA5} = {777FB1AC-8BA0-462F-855D-D41733D278F7}
	EndGlobalSection
	GlobalSection(ExtensibilityGlobals) = postSolution
		SolutionGuid = {40514853-4492-43C5-994B-CD9720C1714E}
	EndGlobalSection
EndGlobal
